
Microsoft Visual Studio Solution File, Format Version 12.00
# Visual Studio Version 17
VisualStudioVersion = 17.9.34728.123
MinimumVisualStudioVersion = 10.0.40219.1
Project("{FAE04EC0-301F-11D3-BF4B-00C04F79EFBC}") = "la-mia-pizzeria-static", "la-mia-pizzeria-static\la-mia-pizzeria-static.csproj", "{3D598810-37EC-4B93-BEC5-EB9140A435A4}"
EndProject
Global
	GlobalSection(SolutionConfigurationPlatforms) = preSolution
		Debug|Any CPU = Debug|Any CPU
		Release|Any CPU = Release|Any CPU
	EndGlobalSection
	GlobalSection(ProjectConfigurationPlatforms) = postSolution
		{3D598810-37EC-4B93-BEC5-EB9140A435A4}.Debug|Any CPU.ActiveCfg = Debug|Any CPU
		{3D598810-37EC-4B93-BEC5-EB9140A435A4}.Debug|Any CPU.Build.0 = Debug|Any CPU
		{3D598810-37EC-4B93-BEC5-EB9140A435A4}.Release|Any CPU.ActiveCfg = Release|Any CPU
		{3D598810-37EC-4B93-BEC5-EB9140A435A4}.Release|Any CPU.Build.0 = Release|Any CPU
	EndGlobalSection
	GlobalSection(SolutionProperties) = preSolution
		HideSolutionNode = FALSE
	EndGlobalSection
	GlobalSection(ExtensibilityGlobals) = postSolution
		SolutionGuid = {F507D0EA-9489-48EF-A7DA-E8E12F2F3AC5}
	EndGlobalSection
EndGlobal
